
Microsoft Visual Studio Solution File, Format Version 12.00
# Visual Studio Version 16
VisualStudioVersion = 16.0.30907.101
MinimumVisualStudioVersion = 10.0.40219.1
Project("{FAE04EC0-301F-11D3-BF4B-00C04F79EFBC}") = "AssemblyUnloadableSignalR", "AssemblyUnloadableSignalR\AssemblyUnloadableSignalR.csproj", "{C8C1C86F-1B54-4E72-8FF5-9DE460D2598A}"
EndProject
Project("{FAE04EC0-301F-11D3-BF4B-00C04F79EFBC}") = "Contract", "Contract\Contract.csproj", "{09A81E13-0229-4CA7-A095-4C8DCC01A97B}"
EndProject
Project("{FAE04EC0-301F-11D3-BF4B-00C04F79EFBC}") = "Runner", "Runner\Runner.csproj", "{EE58F86B-660B-4ABC-B1C7-D004A8F3A3F6}"
EndProject
Global
	GlobalSection(SolutionConfigurationPlatforms) = preSolution
		Debug|Any CPU = Debug|Any CPU
		Release|Any CPU = Release|Any CPU
	EndGlobalSection
	GlobalSection(ProjectConfigurationPlatforms) = postSolution
		{C8C1C86F-1B54-4E72-8FF5-9DE460D2598A}.Debug|Any CPU.ActiveCfg = Debug|Any CPU
		{C8C1C86F-1B54-4E72-8FF5-9DE460D2598A}.Debug|Any CPU.Build.0 = Debug|Any CPU
		{C8C1C86F-1B54-4E72-8FF5-9DE460D2598A}.Release|Any CPU.ActiveCfg = Release|Any CPU
		{C8C1C86F-1B54-4E72-8FF5-9DE460D2598A}.Release|Any CPU.Build.0 = Release|Any CPU
		{09A81E13-0229-4CA7-A095-4C8DCC01A97B}.Debug|Any CPU.ActiveCfg = Debug|Any CPU
		{09A81E13-0229-4CA7-A095-4C8DCC01A97B}.Debug|Any CPU.Build.0 = Debug|Any CPU
		{09A81E13-0229-4CA7-A095-4C8DCC01A97B}.Release|Any CPU.ActiveCfg = Release|Any CPU
		{09A81E13-0229-4CA7-A095-4C8DCC01A97B}.Release|Any CPU.Build.0 = Release|Any CPU
		{EE58F86B-660B-4ABC-B1C7-D004A8F3A3F6}.Debug|Any CPU.ActiveCfg = Debug|Any CPU
		{EE58F86B-660B-4ABC-B1C7-D004A8F3A3F6}.Debug|Any CPU.Build.0 = Debug|Any CPU
		{EE58F86B-660B-4ABC-B1C7-D004A8F3A3F6}.Release|Any CPU.ActiveCfg = Release|Any CPU
		{EE58F86B-660B-4ABC-B1C7-D004A8F3A3F6}.Release|Any CPU.Build.0 = Release|Any CPU
	EndGlobalSection
	GlobalSection(SolutionProperties) = preSolution
		HideSolutionNode = FALSE
	EndGlobalSection
	GlobalSection(ExtensibilityGlobals) = postSolution
		SolutionGuid = {1491B1A7-EE5C-4220-AEEC-8F78D31892DD}
	EndGlobalSection
EndGlobal
